{
  "name": "nuxt-buefy",
  "version": "0.3.1",
  "lockfileVersion": 1,
  "requires": true,
  "dependencies": {
    "buefy": {
      "version": "0.6.6",
      "resolved": "https://registry.npmjs.org/buefy/-/buefy-0.6.6.tgz",
      "integrity": "sha512-uXb6vlsQDFsm8llawdm5trrlFExyip+G8UKQb+UPUEWwYx8yvWUsMKdErlu6w6QIk5VPGvdS5xVDO9BL1mcKyg==",
      "requires": {
        "bulma": "^0.7.1"
      }
    },
    "bulma": {
      "version": "0.7.1",
      "resolved": "https://registry.npmjs.org/bulma/-/bulma-0.7.1.tgz",
      "integrity": "sha512-wRSO2LXB+qI9Pyz2id+uZr4quz5aftSN7Ay1ysr1+krzVp3utD+Ci4CeKuZdrYGc800t65b7heXBL6qw2Wo/lQ=="
    }
  }
}
